# name package version source-url sha256 integrity license
pi-ai @earendil-works/pi-ai 0.75.5 https://registry.npmjs.org/@earendil-works/pi-ai/-/pi-ai-0.75.5.tgz 9dd9745c34e90b87d0a2504ccb7539df0bb5e58564fcfb6edd36b2b81b151b62 sha512-zf1F5kXk1pqZeFShXOqq9ibUk8QdtRoLCDPAjO+hj44e3EUs9/GFO2qnhTC5+JA2uwVCx+WCNe1PiCjlBYWm5w== MIT
pi-mono @earendil-works/pi-coding-agent 0.75.5 https://registry.npmjs.org/@earendil-works/pi-coding-agent/-/pi-coding-agent-0.75.5.tgz 88fff74d1fcc93343e839aa885eacb35e88cdaab97dac2636b11becc3b2499fc sha512-O3CCQDYy28D4uwtP6zZkdEwzHN6X22v49Sb0+SZTC7x37V/YfmogrWPiaFoWeoc2hmdKhSATI7ZAK5bQbJG5NA== MIT
